
Microsoft Visual Studio Solution File, Format Version 12.00
# Visual Studio Version 16
VisualStudioVersion = 16.0.29418.71
MinimumVisualStudioVersion = 10.0.40219.1
Project("{FAE04EC0-301F-11D3-BF4B-00C04F79EFBC}") = "MadPay724.Data", "MadPay724.Data\MadPay724.Data.csproj", "{4809D259-018A-46A2-89E8-62B6129A0242}"
EndProject
Project("{FAE04EC0-301F-11D3-BF4B-00C04F79EFBC}") = "MadPay724.Common", "MadPay724.Common\MadPay724.Common.csproj", "{DA02D47F-1672-415A-A80D-B33E1F4C2A2E}"
EndProject
Project("{FAE04EC0-301F-11D3-BF4B-00C04F79EFBC}") = "MadPay724.Repo", "MadPay724.Repo\MadPay724.Repo.csproj", "{47242D5A-DE70-4646-BC12-98EE4D1C6BFB}"
EndProject
Project("{FAE04EC0-301F-11D3-BF4B-00C04F79EFBC}") = "MadPay724.Services", "MadPay724.Services\MadPay724.Services.csproj", "{93DA37A9-7192-4970-A00C-F62ECDFBFF2B}"
EndProject
Project("{FAE04EC0-301F-11D3-BF4B-00C04F79EFBC}") = "MadPay724.Web", "MadPay724.Web\MadPay724.Web.csproj", "{E71DD096-03A4-487C-81B7-749536E14FD5}"
EndProject
Global
	GlobalSection(SolutionConfigurationPlatforms) = preSolution
		Debug|Any CPU = Debug|Any CPU
		Release|Any CPU = Release|Any CPU
	EndGlobalSection
	GlobalSection(ProjectConfigurationPlatforms) = postSolution
		{4809D259-018A-46A2-89E8-62B6129A0242}.Debug|Any CPU.ActiveCfg = Debug|Any CPU
		{4809D259-018A-46A2-89E8-62B6129A0242}.Debug|Any CPU.Build.0 = Debug|Any CPU
		{4809D259-018A-46A2-89E8-62B6129A0242}.Release|Any CPU.ActiveCfg = Release|Any CPU
		{4809D259-018A-46A2-89E8-62B6129A0242}.Release|Any CPU.Build.0 = Release|Any CPU
		{DA02D47F-1672-415A-A80D-B33E1F4C2A2E}.Debug|Any CPU.ActiveCfg = Debug|Any CPU
		{DA02D47F-1672-415A-A80D-B33E1F4C2A2E}.Debug|Any CPU.Build.0 = Debug|Any CPU
		{DA02D47F-1672-415A-A80D-B33E1F4C2A2E}.Release|Any CPU.ActiveCfg = Release|Any CPU
		{DA02D47F-1672-415A-A80D-B33E1F4C2A2E}.Release|Any CPU.Build.0 = Release|Any CPU
		{47242D5A-DE70-4646-BC12-98EE4D1C6BFB}.Debug|Any CPU.ActiveCfg = Debug|Any CPU
		{47242D5A-DE70-4646-BC12-98EE4D1C6BFB}.Debug|Any CPU.Build.0 = Debug|Any CPU
		{47242D5A-DE70-4646-BC12-98EE4D1C6BFB}.Release|Any CPU.ActiveCfg = Release|Any CPU
		{47242D5A-DE70-4646-BC12-98EE4D1C6BFB}.Release|Any CPU.Build.0 = Release|Any CPU
		{93DA37A9-7192-4970-A00C-F62ECDFBFF2B}.Debug|Any CPU.ActiveCfg = Debug|Any CPU
		{93DA37A9-7192-4970-A00C-F62ECDFBFF2B}.Debug|Any CPU.Build.0 = Debug|Any CPU
		{93DA37A9-7192-4970-A00C-F62ECDFBFF2B}.Release|Any CPU.ActiveCfg = Release|Any CPU
		{93DA37A9-7192-4970-A00C-F62ECDFBFF2B}.Release|Any CPU.Build.0 = Release|Any CPU
		{E71DD096-03A4-487C-81B7-749536E14FD5}.Debug|Any CPU.ActiveCfg = Debug|Any CPU
		{E71DD096-03A4-487C-81B7-749536E14FD5}.Debug|Any CPU.Build.0 = Debug|Any CPU
		{E71DD096-03A4-487C-81B7-749536E14FD5}.Release|Any CPU.ActiveCfg = Release|Any CPU
		{E71DD096-03A4-487C-81B7-749536E14FD5}.Release|Any CPU.Build.0 = Release|Any CPU
	EndGlobalSection
	GlobalSection(SolutionProperties) = preSolution
		HideSolutionNode = FALSE
	EndGlobalSection
	GlobalSection(ExtensibilityGlobals) = postSolution
		SolutionGuid = {20D2A832-FE09-4EA8-A7C3-4B6115E3E758}
	EndGlobalSection
EndGlobal
